<?xml version="1.0" encoding="utf-8"?>
<Project ToolsVersion="4.0" xmlns="http://schemas.microsoft.com/developer/msbuild/2003">
  <ItemGroup>
    <Filter Include="Vendors">
      <UniqueIdentifier>{1629cd9e-f3f2-446d-90d0-f5aa40080b69}</UniqueIdentifier>
    </Filter>
    <Filter Include="Vendors\ImGui">
      <UniqueIdentifier>{8b5cd28e-6f08-473d-b1be-d7bda84dba16}</UniqueIdentifier>
    </Filter>
    <Filter Include="Vendors\MathGeoLib">
      <UniqueIdentifier>{2ba2d1d6-d71a-4171-96a1-bca5d25fa1b7}</UniqueIdentifier>
    </Filter>
    <Filter Include="Vendors\MathGeoLib\Math">
      <UniqueIdentifier>{85f98093-9229-4dd1-8dbc-338ac73cb551}</UniqueIdentifier>
    </Filter>
    <Filter Include="Vendors\MathGeoLib\Time">
      <UniqueIdentifier>{a2294a4e-2ae7-4939-b24f-3640dcb29db0}</UniqueIdentifier>
    </Filter>
    <Filter Include="Vendors\MathGeoLib\Geometry">
      <UniqueIdentifier>{50478542-0824-42eb-9290-ea86c6722bb2}</UniqueIdentifier>
    </Filter>
    <Filter Include="Vendors\MathGeoLib\Algorithm">
      <UniqueIdentifier>{d3441161-324a-455f-868c-425f7ed54557}</UniqueIdentifier>
    </Filter>
    <Filter Include="Vendors\MathGeoLib\Algorithm\Random">
      <UniqueIdentifier>{e511defc-34fb-42fb-85e4-1b186a6f5abd}</UniqueIdentifier>
    </Filter>
    <Filter Include="Vendors\DebugDraw">
      <UniqueIdentifier>{5a452b21-1e83-47a6-8ac0-d51c93459587}</UniqueIdentifier>
    </Filter>
    <Filter Include="Vendors\imGuizmo">
      <UniqueIdentifier>{16c52a1f-da6b-4757-b986-cc8646897228}</UniqueIdentifier>
    </Filter>
    <Filter Include="Vendors\ImGuiFileDialog">
      <UniqueIdentifier>{10eab35a-f54d-43fe-9f7c-13f068afb47e}</UniqueIdentifier>
    </Filter>
    <Filter Include="Vendors\ImGuiFileDialog\stb">
      <UniqueIdentifier>{35e0842f-2d60-4f38-9c8d-422a5cd2285b}</UniqueIdentifier>
    </Filter>
    <Filter Include="Vendors\ImGuiFileDialog\dirent">
      <UniqueIdentifier>{70f11188-0832-41ca-bd0f-3455187ff620}</UniqueIdentifier>
    </Filter>
    <Filter Include="Vendors\PhysicsFS">
      <UniqueIdentifier>{3ee3dfb1-795d-4f06-a68b-23cc2710751a}</UniqueIdentifier>
    </Filter>
    <Filter Include="Vendors\Yaml-cpp">
      <UniqueIdentifier>{fc4deccd-db98-4cc4-94fd-ce3f549f6f73}</UniqueIdentifier>
    </Filter>
    <Filter Include="Vendors\Yaml-cpp\Node">
      <UniqueIdentifier>{16e54419-98d5-475a-814f-7fea47fd602f}</UniqueIdentifier>
    </Filter>
    <Filter Include="Vendors\Yaml-cpp\Node\Detail">
      <UniqueIdentifier>{3398f37a-69aa-42ca-b30c-50a628737463}</UniqueIdentifier>
    </Filter>
    <Filter Include="Vendors\Yaml-cpp\Contrib">
      <UniqueIdentifier>{4e79e6fa-3f9a-423a-8705-0cc1d46b00b6}</UniqueIdentifier>
    </Filter>
    <Filter Include="scriptingUtil">
      <UniqueIdentifier>{b5ff605b-6bbf-4616-a08c-e734095a1b1c}</UniqueIdentifier>
    </Filter>
    <Filter Include="generated">
      <UniqueIdentifier>{420c8bbd-6b5a-4f11-97b2-3e30630b7d6d}</UniqueIdentifier>
    </Filter>
  </ItemGroup>
  <ItemGroup>
    <ClInclude Include="..\Source\vendors\imgui\imgui_stdlib.h">
      <Filter>Vendors\ImGui</Filter>
    </ClInclude>
    <ClInclude Include="..\Source\vendors\imgui\IconsFontAwesome5.h">
      <Filter>Vendors\ImGui</Filter>
    </ClInclude>
    <ClInclude Include="..\Source\vendors\imgui\imconfig.h">
      <Filter>Vendors\ImGui</Filter>
    </ClInclude>
    <ClInclude Include="..\Source\vendors\imgui\imgui.h">
      <Filter>Vendors\ImGui</Filter>
    </ClInclude>
    <ClInclude Include="..\Source\vendors\imgui\imgui_impl_opengl3.h">
      <Filter>Vendors\ImGui</Filter>
    </ClInclude>
    <ClInclude Include="..\Source\vendors\imgui\imgui_impl_opengl3_loader.h">
      <Filter>Vendors\ImGui</Filter>
    </ClInclude>
    <ClInclude Include="..\Source\vendors\imgui\imgui_impl_sdl.h">
      <Filter>Vendors\ImGui</Filter>
    </ClInclude>
    <ClInclude Include="..\Source\vendors\imgui\imgui_internal.h">
      <Filter>Vendors\ImGui</Filter>
    </ClInclude>
    <ClInclude Include="..\Source\vendors\imgui\imstb_rectpack.h">
      <Filter>Vendors\ImGui</Filter>
    </ClInclude>
    <ClInclude Include="..\Source\vendors\imgui\imstb_textedit.h">
      <Filter>Vendors\ImGui</Filter>
    </ClInclude>
    <ClInclude Include="..\Source\vendors\imgui\imstb_truetype.h">
      <Filter>Vendors\ImGui</Filter>
    </ClInclude>
    <ClInclude Include="..\Source\vendors\MathGeoLib\MathBuildConfig.h">
      <Filter>Vendors\MathGeoLib</Filter>
    </ClInclude>
    <ClInclude Include="..\Source\vendors\MathGeoLib\MathGeoLib.h">
      <Filter>Vendors\MathGeoLib</Filter>
    </ClInclude>
    <ClInclude Include="..\Source\vendors\MathGeoLib\MathGeoLibFwd.h">
      <Filter>Vendors\MathGeoLib</Filter>
    </ClInclude>
    <ClInclude Include="..\Source\vendors\MathGeoLib\Math\assume.h">
      <Filter>Vendors\MathGeoLib\Math</Filter>
    </ClInclude>
    <ClInclude Include="..\Source\vendors\MathGeoLib\Math\BitFuncs.h">
      <Filter>Vendors\MathGeoLib\Math</Filter>
    </ClInclude>
    <ClInclude Include="..\Source\vendors\MathGeoLib\Math\BitOps.h">
      <Filter>Vendors\MathGeoLib\Math</Filter>
    </ClInclude>
    <ClInclude Include="..\Source\vendors\MathGeoLib\Math\Callstack.h">
      <Filter>Vendors\MathGeoLib\Math</Filter>
    </ClInclude>
    <ClInclude Include="..\Source\vendors\MathGeoLib\Math\FixedPoint.h">
      <Filter>Vendors\MathGeoLib\Math</Filter>
    </ClInclude>
    <ClInclude Include="..\Source\vendors\MathGeoLib\Math\float2.h">
      <Filter>Vendors\MathGeoLib\Math</Filter>
    </ClInclude>
    <ClInclude Include="..\Source\vendors\MathGeoLib\Math\float3.h">
      <Filter>Vendors\MathGeoLib\Math</Filter>
    </ClInclude>
    <ClInclude Include="..\Source\vendors\MathGeoLib\Math\float3x3.h">
      <Filter>Vendors\MathGeoLib\Math</Filter>
    </ClInclude>
    <ClInclude Include="..\Source\vendors\MathGeoLib\Math\float3x4.h">
      <Filter>Vendors\MathGeoLib\Math</Filter>
    </ClInclude>
    <ClInclude Include="..\Source\vendors\MathGeoLib\Math\float4.h">
      <Filter>Vendors\MathGeoLib\Math</Filter>
    </ClInclude>
    <ClInclude Include="..\Source\vendors\MathGeoLib\Math\float4d.h">
      <Filter>Vendors\MathGeoLib\Math</Filter>
    </ClInclude>
    <ClInclude Include="..\Source\vendors\MathGeoLib\Math\float4x4.h">
      <Filter>Vendors\MathGeoLib\Math</Filter>
    </ClInclude>
    <ClInclude Include="..\Source\vendors\MathGeoLib\Math\float4x4_neon.h">
      <Filter>Vendors\MathGeoLib\Math</Filter>
    </ClInclude>
    <ClInclude Include="..\Source\vendors\MathGeoLib\Math\float4x4_sse.h">
      <Filter>Vendors\MathGeoLib\Math</Filter>
    </ClInclude>
    <ClInclude Include="..\Source\vendors\MathGeoLib\Math\float4_neon.h">
      <Filter>Vendors\MathGeoLib\Math</Filter>
    </ClInclude>
    <ClInclude Include="..\Source\vendors\MathGeoLib\Math\float4_sse.h">
      <Filter>Vendors\MathGeoLib\Math</Filter>
    </ClInclude>
    <ClInclude Include="..\Source\vendors\MathGeoLib\Math\FloatCmp.h">
      <Filter>Vendors\MathGeoLib\Math</Filter>
    </ClInclude>
    <ClInclude Include="..\Source\vendors\MathGeoLib\Math\grisu3.h">
      <Filter>Vendors\MathGeoLib\Math</Filter>
    </ClInclude>
    <ClInclude Include="..\Source\vendors\MathGeoLib\Math\InclWindows.h">
      <Filter>Vendors\MathGeoLib\Math</Filter>
    </ClInclude>
    <ClInclude Include="..\Source\vendors\MathGeoLib\Math\Interpolate.h">
      <Filter>Vendors\MathGeoLib\Math</Filter>
    </ClInclude>
    <ClInclude Include="..\Source\vendors\MathGeoLib\Math\MathAll.h">
      <Filter>Vendors\MathGeoLib\Math</Filter>
    </ClInclude>
    <ClInclude Include="..\Source\vendors\MathGeoLib\Math\MathConstants.h">
      <Filter>Vendors\MathGeoLib\Math</Filter>
    </ClInclude>
    <ClInclude Include="..\Source\vendors\MathGeoLib\Math\MathFunc.h">
      <Filter>Vendors\MathGeoLib\Math</Filter>
    </ClInclude>
    <ClInclude Include="..\Source\vendors\MathGeoLib\Math\MathLog.h">
      <Filter>Vendors\MathGeoLib\Math</Filter>
    </ClInclude>
    <ClInclude Include="..\Source\vendors\MathGeoLib\Math\MathNamespace.h">
      <Filter>Vendors\MathGeoLib\Math</Filter>
    </ClInclude>
    <ClInclude Include="..\Source\vendors\MathGeoLib\Math\MathTypes.h">
      <Filter>Vendors\MathGeoLib\Math</Filter>
    </ClInclude>
    <ClInclude Include="..\Source\vendors\MathGeoLib\Math\MatrixProxy.h">
      <Filter>Vendors\MathGeoLib\Math</Filter>
    </ClInclude>
    <ClInclude Include="..\Source\vendors\MathGeoLib\Math\MiniFloat.h">
      <Filter>Vendors\MathGeoLib\Math</Filter>
    </ClInclude>
    <ClInclude Include="..\Source\vendors\MathGeoLib\Math\MultiLineMacro.h">
      <Filter>Vendors\MathGeoLib\Math</Filter>
    </ClInclude>
    <ClInclude Include="..\Source\vendors\MathGeoLib\Math\myassert.h">
      <Filter>Vendors\MathGeoLib\Math</Filter>
    </ClInclude>
    <ClInclude Include="..\Source\vendors\MathGeoLib\Math\Polynomial.h">
      <Filter>Vendors\MathGeoLib\Math</Filter>
    </ClInclude>
    <ClInclude Include="..\Source\vendors\MathGeoLib\Math\Quat.h">
      <Filter>Vendors\MathGeoLib\Math</Filter>
    </ClInclude>
    <ClInclude Include="..\Source\vendors\MathGeoLib\Math\quat_simd.h">
      <Filter>Vendors\MathGeoLib\Math</Filter>
    </ClInclude>
    <ClInclude Include="..\Source\vendors\MathGeoLib\Math\Rect.h">
      <Filter>Vendors\MathGeoLib\Math</Filter>
    </ClInclude>
    <ClInclude Include="..\Source\vendors\MathGeoLib\Math\Reinterpret.h">
      <Filter>Vendors\MathGeoLib\Math</Filter>
    </ClInclude>
    <ClInclude Include="..\Source\vendors\MathGeoLib\Math\simd.h">
      <Filter>Vendors\MathGeoLib\Math</Filter>
    </ClInclude>
    <ClInclude Include="..\Source\vendors\MathGeoLib\Math\SSEMath.h">
      <Filter>Vendors\MathGeoLib\Math</Filter>
    </ClInclude>
    <ClInclude Include="..\Source\vendors\MathGeoLib\Math\sse_mathfun.h">
      <Filter>Vendors\MathGeoLib\Math</Filter>
    </ClInclude>
    <ClInclude Include="..\Source\vendors\MathGeoLib\Math\Swap.h">
      <Filter>Vendors\MathGeoLib\Math</Filter>
    </ClInclude>
    <ClInclude Include="..\Source\vendors\MathGeoLib\Math\TransformOps.h">
      <Filter>Vendors\MathGeoLib\Math</Filter>
    </ClInclude>
    <ClInclude Include="..\Source\vendors\MathGeoLib\Math\vec2d.h">
      <Filter>Vendors\MathGeoLib\Math</Filter>
    </ClInclude>
    <ClInclude Include="..\Source\vendors\MathGeoLib\Time\Clock.h">
      <Filter>Vendors\MathGeoLib\Time</Filter>
    </ClInclude>
    <ClInclude Include="..\Source\vendors\MathGeoLib\Geometry\AABB.h">
      <Filter>Vendors\MathGeoLib\Geometry</Filter>
    </ClInclude>
    <ClInclude Include="..\Source\vendors\MathGeoLib\Geometry\AABB2D.h">
      <Filter>Vendors\MathGeoLib\Geometry</Filter>
    </ClInclude>
    <ClInclude Include="..\Source\vendors\MathGeoLib\Geometry\Capsule.h">
      <Filter>Vendors\MathGeoLib\Geometry</Filter>
    </ClInclude>
    <ClInclude Include="..\Source\vendors\MathGeoLib\Geometry\Circle.h">
      <Filter>Vendors\MathGeoLib\Geometry</Filter>
    </ClInclude>
    <ClInclude Include="..\Source\vendors\MathGeoLib\Geometry\Circle2D.h">
      <Filter>Vendors\MathGeoLib\Geometry</Filter>
    </ClInclude>
    <ClInclude Include="..\Source\vendors\MathGeoLib\Geometry\Frustum.h">
      <Filter>Vendors\MathGeoLib\Geometry</Filter>
    </ClInclude>
    <ClInclude Include="..\Source\vendors\MathGeoLib\Geometry\GeometryAll.h">
      <Filter>Vendors\MathGeoLib\Geometry</Filter>
    </ClInclude>
    <ClInclude Include="..\Source\vendors\MathGeoLib\Geometry\GeomType.h">
      <Filter>Vendors\MathGeoLib\Geometry</Filter>
    </ClInclude>
    <ClInclude Include="..\Source\vendors\MathGeoLib\Geometry\HitInfo.h">
      <Filter>Vendors\MathGeoLib\Geometry</Filter>
    </ClInclude>
    <ClInclude Include="..\Source\vendors\MathGeoLib\Geometry\KDTree.h">
      <Filter>Vendors\MathGeoLib\Geometry</Filter>
    </ClInclude>
    <ClInclude Include="..\Source\vendors\MathGeoLib\Geometry\Line.h">
      <Filter>Vendors\MathGeoLib\Geometry</Filter>
    </ClInclude>
    <ClInclude Include="..\Source\vendors\MathGeoLib\Geometry\LineSegment.h">
      <Filter>Vendors\MathGeoLib\Geometry</Filter>
    </ClInclude>
    <ClInclude Include="..\Source\vendors\MathGeoLib\Geometry\LineSegment2D.h">
      <Filter>Vendors\MathGeoLib\Geometry</Filter>
    </ClInclude>
    <ClInclude Include="..\Source\vendors\MathGeoLib\Geometry\OBB.h">
      <Filter>Vendors\MathGeoLib\Geometry</Filter>
    </ClInclude>
    <ClInclude Include="..\Source\vendors\MathGeoLib\Geometry\OBB2D.h">
      <Filter>Vendors\MathGeoLib\Geometry</Filter>
    </ClInclude>
    <ClInclude Include="..\Source\vendors\MathGeoLib\Geometry\PBVolume.h">
      <Filter>Vendors\MathGeoLib\Geometry</Filter>
    </ClInclude>
    <ClInclude Include="..\Source\vendors\MathGeoLib\Geometry\Plane.h">
      <Filter>Vendors\MathGeoLib\Geometry</Filter>
    </ClInclude>
    <ClInclude Include="..\Source\vendors\MathGeoLib\Geometry\Polygon.h">
      <Filter>Vendors\MathGeoLib\Geometry</Filter>
    </ClInclude>
    <ClInclude Include="..\Source\vendors\MathGeoLib\Geometry\Polygon2DRef.h">
      <Filter>Vendors\MathGeoLib\Geometry</Filter>
    </ClInclude>
    <ClInclude Include="..\Source\vendors\MathGeoLib\Geometry\Polyhedron.h">
      <Filter>Vendors\MathGeoLib\Geometry</Filter>
    </ClInclude>
    <ClInclude Include="..\Source\vendors\MathGeoLib\Geometry\QuadTree.h">
      <Filter>Vendors\MathGeoLib\Geometry</Filter>
    </ClInclude>
    <ClInclude Include="..\Source\vendors\MathGeoLib\Geometry\Ray.h">
      <Filter>Vendors\MathGeoLib\Geometry</Filter>
    </ClInclude>
    <ClInclude Include="..\Source\vendors\MathGeoLib\Geometry\Sphere.h">
      <Filter>Vendors\MathGeoLib\Geometry</Filter>
    </ClInclude>
    <ClInclude Include="..\Source\vendors\MathGeoLib\Geometry\Triangle.h">
      <Filter>Vendors\MathGeoLib\Geometry</Filter>
    </ClInclude>
    <ClInclude Include="..\Source\vendors\MathGeoLib\Geometry\Triangle2D.h">
      <Filter>Vendors\MathGeoLib\Geometry</Filter>
    </ClInclude>
    <ClInclude Include="..\Source\vendors\MathGeoLib\Geometry\TriangleMesh.h">
      <Filter>Vendors\MathGeoLib\Geometry</Filter>
    </ClInclude>
    <ClInclude Include="..\Source\vendors\MathGeoLib\Algorithm\GJK.h">
      <Filter>Vendors\MathGeoLib\Algorithm</Filter>
    </ClInclude>
    <ClInclude Include="..\Source\vendors\MathGeoLib\Algorithm\GJK2D.h">
      <Filter>Vendors\MathGeoLib\Algorithm</Filter>
    </ClInclude>
    <ClInclude Include="..\Source\vendors\MathGeoLib\Algorithm\SAT.h">
      <Filter>Vendors\MathGeoLib\Algorithm</Filter>
    </ClInclude>
    <ClInclude Include="..\Source\vendors\MathGeoLib\Algorithm\Random\LCG.h">
      <Filter>Vendors\MathGeoLib\Algorithm\Random</Filter>
    </ClInclude>
    <ClInclude Include="..\Source\vendors\DebugDraw\debugdraw.h">
      <Filter>Vendors\DebugDraw</Filter>
    </ClInclude>
    <ClInclude Include="..\Source\vendors\DebugDraw\debug_draw.hpp">
      <Filter>Vendors\DebugDraw</Filter>
    </ClInclude>
    <ClInclude Include="..\Source\vendors\imGuizmo\GraphEditor.h">
      <Filter>Vendors\imGuizmo</Filter>
    </ClInclude>
    <ClInclude Include="..\Source\vendors\imGuizmo\ImCurveEdit.h">
      <Filter>Vendors\imGuizmo</Filter>
    </ClInclude>
    <ClInclude Include="..\Source\vendors\imGuizmo\ImGradient.h">
      <Filter>Vendors\imGuizmo</Filter>
    </ClInclude>
    <ClInclude Include="..\Source\vendors\imGuizmo\ImGuizmo.h">
      <Filter>Vendors\imGuizmo</Filter>
    </ClInclude>
    <ClInclude Include="..\Source\vendors\imGuizmo\ImSequencer.h">
      <Filter>Vendors\imGuizmo</Filter>
    </ClInclude>
    <ClInclude Include="..\Source\vendors\imGuizmo\ImZoomSlider.h">
      <Filter>Vendors\imGuizmo</Filter>
    </ClInclude>
    <ClInclude Include="..\Source\vendors\ImGuiFileDialog-0.6.3\ImGuiFileDialog.h">
      <Filter>Vendors\ImGuiFileDialog</Filter>
    </ClInclude>
    <ClInclude Include="..\Source\vendors\ImGuiFileDialog-0.6.3\ImGuiFileDialogConfig.h">
      <Filter>Vendors\ImGuiFileDialog</Filter>
    </ClInclude>
    <ClInclude Include="..\Source\vendors\ImGuiFileDialog-0.6.3\stb\stb_image.h">
      <Filter>Vendors\ImGuiFileDialog\stb</Filter>
    </ClInclude>
    <ClInclude Include="..\Source\vendors\ImGuiFileDialog-0.6.3\stb\stb_image_resize.h">
      <Filter>Vendors\ImGuiFileDialog\stb</Filter>
    </ClInclude>
    <ClInclude Include="..\Source\vendors\ImGuiFileDialog-0.6.3\dirent\dirent.h">
      <Filter>Vendors\ImGuiFileDialog\dirent</Filter>
    </ClInclude>
    <ClInclude Include="..\Source\vendors\PhysicsFS\physfs.h">
      <Filter>Vendors\PhysicsFS</Filter>
    </ClInclude>
    <ClInclude Include="..\Source\vendors\PhysicsFS\physfs_casefolding.h">
      <Filter>Vendors\PhysicsFS</Filter>
    </ClInclude>
    <ClInclude Include="..\Source\vendors\PhysicsFS\physfs_internal.h">
      <Filter>Vendors\PhysicsFS</Filter>
    </ClInclude>
    <ClInclude Include="..\Source\vendors\PhysicsFS\physfs_lzmasdk.h">
      <Filter>Vendors\PhysicsFS</Filter>
    </ClInclude>
    <ClInclude Include="..\Source\vendors\PhysicsFS\physfs_miniz.h">
      <Filter>Vendors\PhysicsFS</Filter>
    </ClInclude>
    <ClInclude Include="..\Source\vendors\PhysicsFS\physfs_platforms.h">
      <Filter>Vendors\PhysicsFS</Filter>
    </ClInclude>
    <ClInclude Include="..\Source\vendors\yaml-cpp\include\yaml-cpp\anchor.h">
      <Filter>Vendors\Yaml-cpp</Filter>
    </ClInclude>
    <ClInclude Include="..\Source\vendors\yaml-cpp\include\yaml-cpp\binary.h">
      <Filter>Vendors\Yaml-cpp</Filter>
    </ClInclude>
    <ClInclude Include="..\Source\vendors\yaml-cpp\include\yaml-cpp\depthguard.h">
      <Filter>Vendors\Yaml-cpp</Filter>
    </ClInclude>
    <ClInclude Include="..\Source\vendors\yaml-cpp\include\yaml-cpp\dll.h">
      <Filter>Vendors\Yaml-cpp</Filter>
    </ClInclude>
    <ClInclude Include="..\Source\vendors\yaml-cpp\include\yaml-cpp\emitfromevents.h">
      <Filter>Vendors\Yaml-cpp</Filter>
    </ClInclude>
    <ClInclude Include="..\Source\vendors\yaml-cpp\include\yaml-cpp\emitter.h">
      <Filter>Vendors\Yaml-cpp</Filter>
    </ClInclude>
    <ClInclude Include="..\Source\vendors\yaml-cpp\include\yaml-cpp\emitterdef.h">
      <Filter>Vendors\Yaml-cpp</Filter>
    </ClInclude>
    <ClInclude Include="..\Source\vendors\yaml-cpp\include\yaml-cpp\emittermanip.h">
      <Filter>Vendors\Yaml-cpp</Filter>
    </ClInclude>
    <ClInclude Include="..\Source\vendors\yaml-cpp\include\yaml-cpp\emitterstyle.h">
      <Filter>Vendors\Yaml-cpp</Filter>
    </ClInclude>
    <ClInclude Include="..\Source\vendors\yaml-cpp\include\yaml-cpp\eventhandler.h">
      <Filter>Vendors\Yaml-cpp</Filter>
    </ClInclude>
    <ClInclude Include="..\Source\vendors\yaml-cpp\include\yaml-cpp\exceptions.h">
      <Filter>Vendors\Yaml-cpp</Filter>
    </ClInclude>
    <ClInclude Include="..\Source\vendors\yaml-cpp\include\yaml-cpp\mark.h">
      <Filter>Vendors\Yaml-cpp</Filter>
    </ClInclude>
    <ClInclude Include="..\Source\vendors\yaml-cpp\include\yaml-cpp\noexcept.h">
      <Filter>Vendors\Yaml-cpp</Filter>
    </ClInclude>
    <ClInclude Include="..\Source\vendors\yaml-cpp\include\yaml-cpp\null.h">
      <Filter>Vendors\Yaml-cpp</Filter>
    </ClInclude>
    <ClInclude Include="..\Source\vendors\yaml-cpp\include\yaml-cpp\ostream_wrapper.h">
      <Filter>Vendors\Yaml-cpp</Filter>
    </ClInclude>
    <ClInclude Include="..\Source\vendors\yaml-cpp\include\yaml-cpp\parser.h">
      <Filter>Vendors\Yaml-cpp</Filter>
    </ClInclude>
    <ClInclude Include="..\Source\vendors\yaml-cpp\include\yaml-cpp\stlemitter.h">
      <Filter>Vendors\Yaml-cpp</Filter>
    </ClInclude>
    <ClInclude Include="..\Source\vendors\yaml-cpp\include\yaml-cpp\traits.h">
      <Filter>Vendors\Yaml-cpp</Filter>
    </ClInclude>
    <ClInclude Include="..\Source\vendors\yaml-cpp\include\yaml-cpp\yaml.h">
      <Filter>Vendors\Yaml-cpp</Filter>
    </ClInclude>
    <ClInclude Include="..\Source\vendors\yaml-cpp\include\yaml-cpp\node\convert.h">
      <Filter>Vendors\Yaml-cpp\Node</Filter>
    </ClInclude>
    <ClInclude Include="..\Source\vendors\yaml-cpp\include\yaml-cpp\node\emit.h">
      <Filter>Vendors\Yaml-cpp\Node</Filter>
    </ClInclude>
    <ClInclude Include="..\Source\vendors\yaml-cpp\include\yaml-cpp\node\impl.h">
      <Filter>Vendors\Yaml-cpp\Node</Filter>
    </ClInclude>
    <ClInclude Include="..\Source\vendors\yaml-cpp\include\yaml-cpp\node\iterator.h">
      <Filter>Vendors\Yaml-cpp\Node</Filter>
    </ClInclude>
    <ClInclude Include="..\Source\vendors\yaml-cpp\include\yaml-cpp\node\node.h">
      <Filter>Vendors\Yaml-cpp\Node</Filter>
    </ClInclude>
    <ClInclude Include="..\Source\vendors\yaml-cpp\include\yaml-cpp\node\parse.h">
      <Filter>Vendors\Yaml-cpp\Node</Filter>
    </ClInclude>
    <ClInclude Include="..\Source\vendors\yaml-cpp\include\yaml-cpp\node\ptr.h">
      <Filter>Vendors\Yaml-cpp\Node</Filter>
    </ClInclude>
    <ClInclude Include="..\Source\vendors\yaml-cpp\include\yaml-cpp\node\type.h">
      <Filter>Vendors\Yaml-cpp\Node</Filter>
    </ClInclude>
    <ClInclude Include="..\Source\vendors\yaml-cpp\include\yaml-cpp\node\detail\impl.h">
      <Filter>Vendors\Yaml-cpp\Node\Detail</Filter>
    </ClInclude>
    <ClInclude Include="..\Source\vendors\yaml-cpp\include\yaml-cpp\node\detail\iterator.h">
      <Filter>Vendors\Yaml-cpp\Node\Detail</Filter>
    </ClInclude>
    <ClInclude Include="..\Source\vendors\yaml-cpp\include\yaml-cpp\node\detail\iterator_fwd.h">
      <Filter>Vendors\Yaml-cpp\Node\Detail</Filter>
    </ClInclude>
    <ClInclude Include="..\Source\vendors\yaml-cpp\include\yaml-cpp\node\detail\memory.h">
      <Filter>Vendors\Yaml-cpp\Node\Detail</Filter>
    </ClInclude>
    <ClInclude Include="..\Source\vendors\yaml-cpp\include\yaml-cpp\node\detail\node.h">
      <Filter>Vendors\Yaml-cpp\Node\Detail</Filter>
    </ClInclude>
    <ClInclude Include="..\Source\vendors\yaml-cpp\include\yaml-cpp\node\detail\node_data.h">
      <Filter>Vendors\Yaml-cpp\Node\Detail</Filter>
    </ClInclude>
    <ClInclude Include="..\Source\vendors\yaml-cpp\include\yaml-cpp\node\detail\node_iterator.h">
      <Filter>Vendors\Yaml-cpp\Node\Detail</Filter>
    </ClInclude>
    <ClInclude Include="..\Source\vendors\yaml-cpp\include\yaml-cpp\node\detail\node_ref.h">
      <Filter>Vendors\Yaml-cpp\Node\Detail</Filter>
    </ClInclude>
    <ClInclude Include="..\Source\vendors\yaml-cpp\include\yaml-cpp\contrib\anchordict.h">
      <Filter>Vendors\Yaml-cpp\Contrib</Filter>
    </ClInclude>
    <ClInclude Include="..\Source\vendors\yaml-cpp\include\yaml-cpp\contrib\graphbuilder.h">
      <Filter>Vendors\Yaml-cpp\Contrib</Filter>
    </ClInclude>
    <ClInclude Include="scriptingUtil\framework.h">
      <Filter>scriptingUtil</Filter>
    </ClInclude>
    <ClInclude Include="scriptingUtil\gameplaypch.h">
      <Filter>scriptingUtil</Filter>
    </ClInclude>
    <ClInclude Include="generated\Factory.h">
      <Filter>generated</Filter>
    </ClInclude>
    <ClInclude Include="SomeScript.h" />
    <ClInclude Include="Funky.h" />
    <ClInclude Include="PlayerController.h" />
    <ClInclude Include="Experiment.h" />
    <ClInclude Include="DynamicCamera.h" />
    <ClInclude Include="MainMenuManager.h" />
  </ItemGroup>
  <ItemGroup>
    <ClCompile Include="..\Source\vendors\imgui\imgui_stdlib.cpp">
      <Filter>Vendors\ImGui</Filter>
    </ClCompile>
    <ClCompile Include="..\Source\vendors\imgui\imgui.cpp">
      <Filter>Vendors\ImGui</Filter>
    </ClCompile>
    <ClCompile Include="..\Source\vendors\imgui\imgui_draw.cpp">
      <Filter>Vendors\ImGui</Filter>
    </ClCompile>
    <ClCompile Include="..\Source\vendors\imgui\imgui_impl_opengl3.cpp">
      <Filter>Vendors\ImGui</Filter>
    </ClCompile>
    <ClCompile Include="..\Source\vendors\imgui\imgui_impl_sdl.cpp">
      <Filter>Vendors\ImGui</Filter>
    </ClCompile>
    <ClCompile Include="..\Source\vendors\imgui\imgui_tables.cpp">
      <Filter>Vendors\ImGui</Filter>
    </ClCompile>
    <ClCompile Include="..\Source\vendors\imgui\imgui_widgets.cpp">
      <Filter>Vendors\ImGui</Filter>
    </ClCompile>
    <ClCompile Include="..\Source\vendors\MathGeoLib\Math\BitOps.cpp">
      <Filter>Vendors\MathGeoLib\Math</Filter>
    </ClCompile>
    <ClCompile Include="..\Source\vendors\MathGeoLib\Math\Callstack.cpp">
      <Filter>Vendors\MathGeoLib\Math</Filter>
    </ClCompile>
    <ClCompile Include="..\Source\vendors\MathGeoLib\Math\float2.cpp">
      <Filter>Vendors\MathGeoLib\Math</Filter>
    </ClCompile>
    <ClCompile Include="..\Source\vendors\MathGeoLib\Math\float3.cpp">
      <Filter>Vendors\MathGeoLib\Math</Filter>
    </ClCompile>
    <ClCompile Include="..\Source\vendors\MathGeoLib\Math\float3x3.cpp">
      <Filter>Vendors\MathGeoLib\Math</Filter>
    </ClCompile>
    <ClCompile Include="..\Source\vendors\MathGeoLib\Math\float3x4.cpp">
      <Filter>Vendors\MathGeoLib\Math</Filter>
    </ClCompile>
    <ClCompile Include="..\Source\vendors\MathGeoLib\Math\float4.cpp">
      <Filter>Vendors\MathGeoLib\Math</Filter>
    </ClCompile>
    <ClCompile Include="..\Source\vendors\MathGeoLib\Math\float4d.cpp">
      <Filter>Vendors\MathGeoLib\Math</Filter>
    </ClCompile>
    <ClCompile Include="..\Source\vendors\MathGeoLib\Math\float4x4.cpp">
      <Filter>Vendors\MathGeoLib\Math</Filter>
    </ClCompile>
    <ClCompile Include="..\Source\vendors\MathGeoLib\Math\grisu3.c">
      <Filter>Vendors\MathGeoLib\Math</Filter>
    </ClCompile>
    <ClCompile Include="..\Source\vendors\MathGeoLib\Math\grisu3_cpp.cpp">
      <Filter>Vendors\MathGeoLib\Math</Filter>
    </ClCompile>
    <ClCompile Include="..\Source\vendors\MathGeoLib\Math\MathFunc.cpp">
      <Filter>Vendors\MathGeoLib\Math</Filter>
    </ClCompile>
    <ClCompile Include="..\Source\vendors\MathGeoLib\Math\MathLog.cpp">
      <Filter>Vendors\MathGeoLib\Math</Filter>
    </ClCompile>
    <ClCompile Include="..\Source\vendors\MathGeoLib\Math\MathOps.cpp">
      <Filter>Vendors\MathGeoLib\Math</Filter>
    </ClCompile>
    <ClCompile Include="..\Source\vendors\MathGeoLib\Math\MiniFloat.cpp">
      <Filter>Vendors\MathGeoLib\Math</Filter>
    </ClCompile>
    <ClCompile Include="..\Source\vendors\MathGeoLib\Math\Polynomial.cpp">
      <Filter>Vendors\MathGeoLib\Math</Filter>
    </ClCompile>
    <ClCompile Include="..\Source\vendors\MathGeoLib\Math\Quat.cpp">
      <Filter>Vendors\MathGeoLib\Math</Filter>
    </ClCompile>
    <ClCompile Include="..\Source\vendors\MathGeoLib\Math\SSEMath.cpp">
      <Filter>Vendors\MathGeoLib\Math</Filter>
    </ClCompile>
    <ClCompile Include="..\Source\vendors\MathGeoLib\Math\TransformOps.cpp">
      <Filter>Vendors\MathGeoLib\Math</Filter>
    </ClCompile>
    <ClCompile Include="..\Source\vendors\MathGeoLib\Time\Clock.cpp">
      <Filter>Vendors\MathGeoLib\Time</Filter>
    </ClCompile>
    <ClCompile Include="..\Source\vendors\MathGeoLib\Geometry\AABB.cpp">
      <Filter>Vendors\MathGeoLib\Geometry</Filter>
    </ClCompile>
    <ClCompile Include="..\Source\vendors\MathGeoLib\Geometry\Capsule.cpp">
      <Filter>Vendors\MathGeoLib\Geometry</Filter>
    </ClCompile>
    <ClCompile Include="..\Source\vendors\MathGeoLib\Geometry\Circle.cpp">
      <Filter>Vendors\MathGeoLib\Geometry</Filter>
    </ClCompile>
    <ClCompile Include="..\Source\vendors\MathGeoLib\Geometry\Circle2D.cpp">
      <Filter>Vendors\MathGeoLib\Geometry</Filter>
    </ClCompile>
    <ClCompile Include="..\Source\vendors\MathGeoLib\Geometry\Frustum.cpp">
      <Filter>Vendors\MathGeoLib\Geometry</Filter>
    </ClCompile>
    <ClCompile Include="..\Source\vendors\MathGeoLib\Geometry\Line.cpp">
      <Filter>Vendors\MathGeoLib\Geometry</Filter>
    </ClCompile>
    <ClCompile Include="..\Source\vendors\MathGeoLib\Geometry\LineSegment.cpp">
      <Filter>Vendors\MathGeoLib\Geometry</Filter>
    </ClCompile>
    <ClCompile Include="..\Source\vendors\MathGeoLib\Geometry\LineSegment2D.cpp">
      <Filter>Vendors\MathGeoLib\Geometry</Filter>
    </ClCompile>
    <ClCompile Include="..\Source\vendors\MathGeoLib\Geometry\OBB.cpp">
      <Filter>Vendors\MathGeoLib\Geometry</Filter>
    </ClCompile>
    <ClCompile Include="..\Source\vendors\MathGeoLib\Geometry\PBVolume.cpp">
      <Filter>Vendors\MathGeoLib\Geometry</Filter>
    </ClCompile>
    <ClCompile Include="..\Source\vendors\MathGeoLib\Geometry\Plane.cpp">
      <Filter>Vendors\MathGeoLib\Geometry</Filter>
    </ClCompile>
    <ClCompile Include="..\Source\vendors\MathGeoLib\Geometry\Polygon.cpp">
      <Filter>Vendors\MathGeoLib\Geometry</Filter>
    </ClCompile>
    <ClCompile Include="..\Source\vendors\MathGeoLib\Geometry\Polyhedron.cpp">
      <Filter>Vendors\MathGeoLib\Geometry</Filter>
    </ClCompile>
    <ClCompile Include="..\Source\vendors\MathGeoLib\Geometry\Ray.cpp">
      <Filter>Vendors\MathGeoLib\Geometry</Filter>
    </ClCompile>
    <ClCompile Include="..\Source\vendors\MathGeoLib\Geometry\Sphere.cpp">
      <Filter>Vendors\MathGeoLib\Geometry</Filter>
    </ClCompile>
    <ClCompile Include="..\Source\vendors\MathGeoLib\Geometry\Triangle.cpp">
      <Filter>Vendors\MathGeoLib\Geometry</Filter>
    </ClCompile>
    <ClCompile Include="..\Source\vendors\MathGeoLib\Geometry\Triangle2D.cpp">
      <Filter>Vendors\MathGeoLib\Geometry</Filter>
    </ClCompile>
    <ClCompile Include="..\Source\vendors\MathGeoLib\Geometry\TriangleMesh.cpp">
      <Filter>Vendors\MathGeoLib\Geometry</Filter>
    </ClCompile>
    <ClCompile Include="..\Source\vendors\MathGeoLib\Algorithm\GJK.cpp">
      <Filter>Vendors\MathGeoLib\Algorithm</Filter>
    </ClCompile>
    <ClCompile Include="..\Source\vendors\MathGeoLib\Algorithm\GJK2D.cpp">
      <Filter>Vendors\MathGeoLib\Algorithm</Filter>
    </ClCompile>
    <ClCompile Include="..\Source\vendors\MathGeoLib\Algorithm\SAT.cpp">
      <Filter>Vendors\MathGeoLib\Algorithm</Filter>
    </ClCompile>
    <ClCompile Include="..\Source\vendors\MathGeoLib\Algorithm\Random\LCG.cpp">
      <Filter>Vendors\MathGeoLib\Algorithm\Random</Filter>
    </ClCompile>
    <ClCompile Include="..\Source\vendors\imGuizmo\GraphEditor.cpp">
      <Filter>Vendors\imGuizmo</Filter>
    </ClCompile>
    <ClCompile Include="..\Source\vendors\imGuizmo\ImCurveEdit.cpp">
      <Filter>Vendors\imGuizmo</Filter>
    </ClCompile>
    <ClCompile Include="..\Source\vendors\imGuizmo\ImGradient.cpp">
      <Filter>Vendors\imGuizmo</Filter>
    </ClCompile>
    <ClCompile Include="..\Source\vendors\imGuizmo\ImGuizmo.cpp">
      <Filter>Vendors\imGuizmo</Filter>
    </ClCompile>
    <ClCompile Include="..\Source\vendors\imGuizmo\ImSequencer.cpp">
      <Filter>Vendors\imGuizmo</Filter>
    </ClCompile>
    <ClCompile Include="..\Source\vendors\ImGuiFileDialog-0.6.3\ImGuiFileDialog.cpp">
      <Filter>Vendors\ImGuiFileDialog</Filter>
    </ClCompile>
    <ClCompile Include="..\Source\vendors\PhysicsFS\physfs.c">
      <Filter>Vendors\PhysicsFS</Filter>
    </ClCompile>
    <ClCompile Include="..\Source\vendors\PhysicsFS\physfs_archiver_7z.c">
      <Filter>Vendors\PhysicsFS</Filter>
    </ClCompile>
    <ClCompile Include="..\Source\vendors\PhysicsFS\physfs_archiver_dir.c">
      <Filter>Vendors\PhysicsFS</Filter>
    </ClCompile>
    <ClCompile Include="..\Source\vendors\PhysicsFS\physfs_archiver_grp.c">
      <Filter>Vendors\PhysicsFS</Filter>
    </ClCompile>
    <ClCompile Include="..\Source\vendors\PhysicsFS\physfs_archiver_hog.c">
      <Filter>Vendors\PhysicsFS</Filter>
    </ClCompile>
    <ClCompile Include="..\Source\vendors\PhysicsFS\physfs_archiver_iso9660.c">
      <Filter>Vendors\PhysicsFS</Filter>
    </ClCompile>
    <ClCompile Include="..\Source\vendors\PhysicsFS\physfs_archiver_mvl.c">
      <Filter>Vendors\PhysicsFS</Filter>
    </ClCompile>
    <ClCompile Include="..\Source\vendors\PhysicsFS\physfs_archiver_qpak.c">
      <Filter>Vendors\PhysicsFS</Filter>
    </ClCompile>
    <ClCompile Include="..\Source\vendors\PhysicsFS\physfs_archiver_slb.c">
      <Filter>Vendors\PhysicsFS</Filter>
    </ClCompile>
    <ClCompile Include="..\Source\vendors\PhysicsFS\physfs_archiver_unpacked.c">
      <Filter>Vendors\PhysicsFS</Filter>
    </ClCompile>
    <ClCompile Include="..\Source\vendors\PhysicsFS\physfs_archiver_vdf.c">
      <Filter>Vendors\PhysicsFS</Filter>
    </ClCompile>
    <ClCompile Include="..\Source\vendors\PhysicsFS\physfs_archiver_wad.c">
      <Filter>Vendors\PhysicsFS</Filter>
    </ClCompile>
    <ClCompile Include="..\Source\vendors\PhysicsFS\physfs_archiver_zip.c">
      <Filter>Vendors\PhysicsFS</Filter>
    </ClCompile>
    <ClCompile Include="..\Source\vendors\PhysicsFS\physfs_byteorder.c">
      <Filter>Vendors\PhysicsFS</Filter>
    </ClCompile>
    <ClCompile Include="..\Source\vendors\PhysicsFS\physfs_platform_haiku.cpp">
      <Filter>Vendors\PhysicsFS</Filter>
    </ClCompile>
    <ClCompile Include="..\Source\vendors\PhysicsFS\physfs_platform_os2.c">
      <Filter>Vendors\PhysicsFS</Filter>
    </ClCompile>
    <ClCompile Include="..\Source\vendors\PhysicsFS\physfs_platform_posix.c">
      <Filter>Vendors\PhysicsFS</Filter>
    </ClCompile>
    <ClCompile Include="..\Source\vendors\PhysicsFS\physfs_platform_qnx.c">
      <Filter>Vendors\PhysicsFS</Filter>
    </ClCompile>
    <ClCompile Include="..\Source\vendors\PhysicsFS\physfs_platform_unix.c">
      <Filter>Vendors\PhysicsFS</Filter>
    </ClCompile>
    <ClCompile Include="..\Source\vendors\PhysicsFS\physfs_platform_windows.c">
      <Filter>Vendors\PhysicsFS</Filter>
    </ClCompile>
    <ClCompile Include="..\Source\vendors\PhysicsFS\physfs_platform_winrt.cpp">
      <Filter>Vendors\PhysicsFS</Filter>
    </ClCompile>
    <ClCompile Include="..\Source\vendors\PhysicsFS\physfs_unicode.c">
      <Filter>Vendors\PhysicsFS</Filter>
    </ClCompile>
    <ClCompile Include="scriptingUtil\gameplaypch.cpp">
      <Filter>scriptingUtil</Filter>
    </ClCompile>
    <ClCompile Include="generated\Factory.cpp">
      <Filter>generated</Filter>
    </ClCompile>
    <ClCompile Include="generated\SerializationMethods.cpp">
      <Filter>generated</Filter>
    </ClCompile>
    <ClCompile Include="Funky.cpp" />
    <ClCompile Include="PlayerController.cpp" />
    <ClCompile Include="SomeScript.cpp" />
    <ClCompile Include="Experiment.cpp" />
    <ClCompile Include="DynamicCamera.cpp" />
    <ClCompile Include="MainMenuManager.cpp" />
  </ItemGroup>
  <ItemGroup>
    <None Include="..\Source\vendors\MathGeoLib\Math\float2.inl">
      <Filter>Vendors\MathGeoLib\Math</Filter>
    </None>
    <None Include="..\Source\vendors\MathGeoLib\Math\Matrix.inl">
      <Filter>Vendors\MathGeoLib\Math</Filter>
    </None>
    <None Include="..\Source\vendors\MathGeoLib\Geometry\KDTree.inl">
      <Filter>Vendors\MathGeoLib\Geometry</Filter>
    </None>
    <None Include="..\Source\vendors\MathGeoLib\Geometry\QuadTree.inl">
      <Filter>Vendors\MathGeoLib\Geometry</Filter>
    </None>
    <None Include="..\Source\vendors\MathGeoLib\Geometry\TriangleMesh_IntersectRay_AVX.inl">
      <Filter>Vendors\MathGeoLib\Geometry</Filter>
    </None>
    <None Include="..\Source\vendors\MathGeoLib\Geometry\TriangleMesh_IntersectRay_CPP.inl">
      <Filter>Vendors\MathGeoLib\Geometry</Filter>
    </None>
    <None Include="..\Source\vendors\MathGeoLib\Geometry\TriangleMesh_IntersectRay_SSE.inl">
      <Filter>Vendors\MathGeoLib\Geometry</Filter>
    </None>
  </ItemGroup>
</Project>