
Microsoft Visual Studio Solution File, Format Version 12.00
# Visual Studio Version 17
VisualStudioVersion = 17.0.31912.275
MinimumVisualStudioVersion = 10.0.40219.1
Project("{8BC9CEB8-8B4A-11D0-8D11-00A0C91BC942}") = "Hachiko", "Engine.vcxproj", "{EBCCD73A-A6B7-458D-8C04-9E787251DA0F}"
EndProject
Project("{8BC9CEB8-8B4A-11D0-8D11-00A0C91BC942}") = "Gameplay", "..\Gameplay\Gameplay.vcxproj", "{D86E2193-A088-41C0-BB52-334DB6500DAE}"
EndProject
Global
	GlobalSection(SolutionConfigurationPlatforms) = preSolution
		Debug|x64 = Debug|x64
		Debug|x86 = Debug|x86
		Release|x64 = Release|x64
		Release|x86 = Release|x86
	EndGlobalSection
	GlobalSection(ProjectConfigurationPlatforms) = postSolution
		{EBCCD73A-A6B7-458D-8C04-9E787251DA0F}.Debug|x64.ActiveCfg = Debug|x64
		{EBCCD73A-A6B7-458D-8C04-9E787251DA0F}.Debug|x64.Build.0 = Debug|x64
		{EBCCD73A-A6B7-458D-8C04-9E787251DA0F}.Debug|x86.ActiveCfg = Debug|Win32
		{EBCCD73A-A6B7-458D-8C04-9E787251DA0F}.Debug|x86.Build.0 = Debug|Win32
		{EBCCD73A-A6B7-458D-8C04-9E787251DA0F}.Release|x64.ActiveCfg = Release|x64
		{EBCCD73A-A6B7-458D-8C04-9E787251DA0F}.Release|x64.Build.0 = Release|x64
		{EBCCD73A-A6B7-458D-8C04-9E787251DA0F}.Release|x86.ActiveCfg = Release|Win32
		{EBCCD73A-A6B7-458D-8C04-9E787251DA0F}.Release|x86.Build.0 = Release|Win32
		{D86E2193-A088-41C0-BB52-334DB6500DAE}.Debug|x64.ActiveCfg = Debug|x64
		{D86E2193-A088-41C0-BB52-334DB6500DAE}.Debug|x64.Build.0 = Debug|x64
		{D86E2193-A088-41C0-BB52-334DB6500DAE}.Debug|x86.ActiveCfg = Debug|Win32
		{D86E2193-A088-41C0-BB52-334DB6500DAE}.Debug|x86.Build.0 = Debug|Win32
		{D86E2193-A088-41C0-BB52-334DB6500DAE}.Release|x64.ActiveCfg = Release|x64
		{D86E2193-A088-41C0-BB52-334DB6500DAE}.Release|x64.Build.0 = Release|x64
		{D86E2193-A088-41C0-BB52-334DB6500DAE}.Release|x86.ActiveCfg = Release|Win32
		{D86E2193-A088-41C0-BB52-334DB6500DAE}.Release|x86.Build.0 = Release|Win32
	EndGlobalSection
	GlobalSection(SolutionProperties) = preSolution
		HideSolutionNode = FALSE
	EndGlobalSection
	GlobalSection(ExtensibilityGlobals) = postSolution
		SolutionGuid = {314A218B-B09E-4A2F-AF76-8CA4A5DEA101}
	EndGlobalSection
EndGlobal
